
Microsoft Visual Studio Solution File, Format Version 12.00
# Visual Studio Version 17
VisualStudioVersion = 17.7.34031.279
MinimumVisualStudioVersion = 10.0.40219.1
Project("{FAE04EC0-301F-11D3-BF4B-00C04F79EFBC}") = "MVCdevam", "MVCdevam\MVCdevam.csproj", "{8B19A28D-94C4-4EF5-BEE8-11C9F8FA579A}"
EndProject
Global
	GlobalSection(SolutionConfigurationPlatforms) = preSolution
		Debug|Any CPU = Debug|Any CPU
		Release|Any CPU = Release|Any CPU
	EndGlobalSection
	GlobalSection(ProjectConfigurationPlatforms) = postSolution
		{8B19A28D-94C4-4EF5-BEE8-11C9F8FA579A}.Debug|Any CPU.ActiveCfg = Debug|Any CPU
		{8B19A28D-94C4-4EF5-BEE8-11C9F8FA579A}.Debug|Any CPU.Build.0 = Debug|Any CPU
		{8B19A28D-94C4-4EF5-BEE8-11C9F8FA579A}.Release|Any CPU.ActiveCfg = Release|Any CPU
		{8B19A28D-94C4-4EF5-BEE8-11C9F8FA579A}.Release|Any CPU.Build.0 = Release|Any CPU
	EndGlobalSection
	GlobalSection(SolutionProperties) = preSolution
		HideSolutionNode = FALSE
	EndGlobalSection
	GlobalSection(ExtensibilityGlobals) = postSolution
		SolutionGuid = {A98C3267-5FA2-4BBB-AB20-8B44E1CD5124}
	EndGlobalSection
EndGlobal
